
Microsoft Visual Studio Solution File, Format Version 12.00
# Visual Studio Version 17
VisualStudioVersion = 17.0.32014.148
MinimumVisualStudioVersion = 10.0.40219.1
Project("{FAE04EC0-301F-11D3-BF4B-00C04F79EFBC}") = "JwtAuthntication", "JwtAuthntication\JwtAuthntication.csproj", "{49E9B043-6470-4051-B4D4-51289955A6E6}"
EndProject
Global
	GlobalSection(SolutionConfigurationPlatforms) = preSolution
		Debug|Any CPU = Debug|Any CPU
		Release|Any CPU = Release|Any CPU
	EndGlobalSection
	GlobalSection(ProjectConfigurationPlatforms) = postSolution
		{49E9B043-6470-4051-B4D4-51289955A6E6}.Debug|Any CPU.ActiveCfg = Debug|Any CPU
		{49E9B043-6470-4051-B4D4-51289955A6E6}.Debug|Any CPU.Build.0 = Debug|Any CPU
		{49E9B043-6470-4051-B4D4-51289955A6E6}.Release|Any CPU.ActiveCfg = Release|Any CPU
		{49E9B043-6470-4051-B4D4-51289955A6E6}.Release|Any CPU.Build.0 = Release|Any CPU
	EndGlobalSection
	GlobalSection(SolutionProperties) = preSolution
		HideSolutionNode = FALSE
	EndGlobalSection
	GlobalSection(ExtensibilityGlobals) = postSolution
		SolutionGuid = {813F351F-39F3-4F1D-8EA7-5D9F569AD6AC}
	EndGlobalSection
EndGlobal
